{
  "name": "nexmosmses",
  "version": "1.0.0",
  "lockfileVersion": 3,
  "requires": true,
  "packages": {
    "": {
      "name": "nexmosmses",
      "version": "1.0.0",
      "license": "ISC",
      "dependencies": {
        "@vonage/server-sdk": "^3.9.1"
      }
    },
    "node_modules/@types/debug": {
      "version": "4.1.8",
      "resolved": "https://registry.npmjs.org/@types/debug/-/debug-4.1.8.tgz",
      "integrity": "sha512-/vPO1EPOs306Cvhwv7KfVfYvOJqA/S/AXjaHQiJboCZzcNDb+TIJFN9/2C9DZ//ijSKWioNyUxD792QmDJ+HKQ==",
      "dependencies": {
        "@types/ms": "*"
      }
    },
    "node_modules/@types/ms": {
      "version": "0.7.31",
      "resolved": "https://registry.npmjs.org/@types/ms/-/ms-0.7.31.tgz",
      "integrity": "sha512-iiUgKzV9AuaEkZqkOLDIvlQiL6ltuZd9tGcW3gwpnX8JbuiuhFlEGmmFXEXkN50Cvq7Os88IY2v0dkDqXYWVgA=="
    },
    "node_modules/@vonage/accounts": {
      "version": "1.8.0",
      "resolved": "https://registry.npmjs.org/@vonage/accounts/-/accounts-1.8.0.tgz",
      "integrity": "sha512-R0UBvGNhh/AGk/JO0e3I3+u0EvopWSAwo93d3eoquvRf8+lYM1w6OknyAHm9/Asflp1bKX9SGU6apOCv3xDQkg==",
      "dependencies": {
        "@vonage/server-client": "^1.8.0"
      }
    },
    "node_modules/@vonage/applications": {
      "version": "1.8.0",
      "resolved": "https://registry.npmjs.org/@vonage/applications/-/applications-1.8.0.tgz",
      "integrity": "sha512-ntVczprLRAVm/RgtMwfZnpqE5pKm8py+ZktmsPCzgwwKxKVXs8NAesa3VfPLgAOfgZlXc5lSpci0G4NdkIzd4g==",
      "dependencies": {
        "@vonage/auth": "^1.6.0",
        "@vonage/server-client": "^1.8.0",
        "@vonage/vetch": "^1.5.0"
      }
    },
    "node_modules/@vonage/auth": {
      "version": "1.6.0",
      "resolved": "https://registry.npmjs.org/@vonage/auth/-/auth-1.6.0.tgz",
      "integrity": "sha512-Tde2p9HDAcYEzKfMRA1RLHChcqU8zCc2eAvpfx5WHjQSZRLQK3B5BZHjbHP7EnBYDtdX+tjwuLQD641dWElReQ==",
      "dependencies": {
        "@vonage/jwt": "^1.6.0",
        "debug": "^4.3.4"
      }
    },
    "node_modules/@vonage/jwt": {
      "version": "1.6.0",
      "resolved": "https://registry.npmjs.org/@vonage/jwt/-/jwt-1.6.0.tgz",
      "integrity": "sha512-AYZCHW0kebs36sNyw5LCZH2HujSpJe8+dpd35fQriyq4qlaMtXoR5xeIaiK6AWIxsCrgEWFVHFyO8resIE3zsA==",
      "dependencies": {
        "debug": "^4.3.4",
        "jsonwebtoken": "^9.0.0",
        "uuid": "^9.0.0"
      }
    },
    "node_modules/@vonage/messages": {
      "version": "1.9.0",
      "resolved": "https://registry.npmjs.org/@vonage/messages/-/messages-1.9.0.tgz",
      "integrity": "sha512-RJoKfRTf81MYmL4iSo5oTYqyCjASPCEiJ1GKGVBZATTSixip3upMnsv79gC8/fv/h91fYbExXB7lk0Es4UhytQ==",
      "dependencies": {
        "@vonage/auth": "^1.6.0",
        "@vonage/server-client": "^1.8.0",
        "@vonage/vetch": "^1.5.0",
        "debug": "^4.3.4"
      }
    },
    "node_modules/@vonage/number-insights": {
      "version": "1.8.0",
      "resolved": "https://registry.npmjs.org/@vonage/number-insights/-/number-insights-1.8.0.tgz",
      "integrity": "sha512-A6H8KcmvOjA6k1mvt5hKhcg2HHwwL0/0ugvcEZTn4wL3zkbe0mGzWVmWQP2sY0xqQ8fxab5ftkOHEtmju2vuvQ==",
      "dependencies": {
        "@vonage/auth": "^1.6.0",
        "@vonage/server-client": "^1.8.0",
        "@vonage/vetch": "^1.5.0"
      }
    },
    "node_modules/@vonage/numbers": {
      "version": "1.8.0",
      "resolved": "https://registry.npmjs.org/@vonage/numbers/-/numbers-1.8.0.tgz",
      "integrity": "sha512-jDrxEy9JmZA8+6TtA0BUGQVrM9WZ+XG318gTsBn1b9cj18C+VqGjMZMPcZScaHJbasA5d6VQ1xlZtLo+p3d3gw==",
      "dependencies": {
        "@vonage/auth": "^1.6.0",
        "@vonage/server-client": "^1.8.0",
        "@vonage/vetch": "^1.5.0",
        "lodash.omit": "^4.5.0"
      }
    },
    "node_modules/@vonage/pricing": {
      "version": "1.8.0",
      "resolved": "https://registry.npmjs.org/@vonage/pricing/-/pricing-1.8.0.tgz",
      "integrity": "sha512-NaMWCXQnE33y3fRL3BOkzb1EUEowrFCyD2B5OqCPXxw+VE2wiV3MwYP+c6rZEjFIm1yBPkPmv9hVvQfScnQgoA==",
      "dependencies": {
        "@vonage/auth": "^1.6.0",
        "@vonage/server-client": "^1.8.0",
        "@vonage/vetch": "^1.5.0"
      }
    },
    "node_modules/@vonage/redact": {
      "version": "1.7.1",
      "resolved": "https://registry.npmjs.org/@vonage/redact/-/redact-1.7.1.tgz",
      "integrity": "sha512-+yFYsCSZlbjozzaQMAijSiIQvYchYuWnku+LXiB6XcyAey7KbEhYr5cxjgTXi2M2qG4MDsK2qUFSwGASTeVhpw==",
      "dependencies": {
        "@vonage/server-client": "^1.8.0"
      }
    },
    "node_modules/@vonage/server-client": {
      "version": "1.8.0",
      "resolved": "https://registry.npmjs.org/@vonage/server-client/-/server-client-1.8.0.tgz",
      "integrity": "sha512-SEIH/5Jav3pHxa5hk24jo0CF27zndQ8oIQeNvhF6hv50GMAhutBEcGZw+Zt4JecOjd5be93QCpuzy6KNNAJuOg==",
      "dependencies": {
        "@vonage/auth": "^1.6.0",
        "@vonage/vetch": "^1.5.0",
        "debug": "^4.3.4",
        "lodash.camelcase": "^4.3.0",
        "lodash.isobject": "3.0.2",
        "lodash.kebabcase": "^4.1.1",
        "lodash.partial": "^4.2.1",
        "lodash.snakecase": "^4.1.1"
      }
    },
    "node_modules/@vonage/server-sdk": {
      "version": "3.9.1",
      "resolved": "https://registry.npmjs.org/@vonage/server-sdk/-/server-sdk-3.9.1.tgz",
      "integrity": "sha512-llVSrOwaP09uXK9oYQulXbJO2a6Rk43/JFhSIhWHJLRve0Gf2bONkewvCbEiceY8vissC9201+SIL9SIVKXcnw==",
      "dependencies": {
        "@vonage/accounts": "^1.8.0",
        "@vonage/applications": "^1.8.0",
        "@vonage/auth": "^1.6.0",
        "@vonage/messages": "^1.9.0",
        "@vonage/number-insights": "^1.8.0",
        "@vonage/numbers": "^1.8.0",
        "@vonage/pricing": "^1.8.0",
        "@vonage/redact": "^1.7.1",
        "@vonage/server-client": "^1.8.0",
        "@vonage/sms": "^1.8.0",
        "@vonage/users": "^1.2.0",
        "@vonage/verify": "^1.8.0",
        "@vonage/verify2": "^1.7.1",
        "@vonage/voice": "^1.8.0"
      }
    },
    "node_modules/@vonage/sms": {
      "version": "1.8.0",
      "resolved": "https://registry.npmjs.org/@vonage/sms/-/sms-1.8.0.tgz",
      "integrity": "sha512-O7dThJOUDWxWL9pkcSRuOGH0YUgdCzDQu6CVvC/IFHv4fTjwC1oup5aRnmJohMcRznz3Ze94wpX7qd7gw8ttZg==",
      "dependencies": {
        "@vonage/server-client": "^1.8.0",
        "debug": "^4.3.4"
      }
    },
    "node_modules/@vonage/users": {
      "version": "1.2.0",
      "resolved": "https://registry.npmjs.org/@vonage/users/-/users-1.2.0.tgz",
      "integrity": "sha512-ICH5Hu2dKkvzF6HUaRg1IpvPeYoaXaipzlx/iAGvsSDjiAch9NPUyvTvk11cB2XXmnWb6hYLJUkLOapjUMvgCA==",
      "dependencies": {
        "@vonage/server-client": "^1.8.0"
      }
    },
    "node_modules/@vonage/verify": {
      "version": "1.8.0",
      "resolved": "https://registry.npmjs.org/@vonage/verify/-/verify-1.8.0.tgz",
      "integrity": "sha512-bMuQgo7j6jr4i7pTs+P9NLtzBghyW5wsV+m/fQktTzQ4rfECWmUahJkQ0XCb52RWmbLK6ErmPCLqSvxIrxJV7Q==",
      "dependencies": {
        "@vonage/auth": "^1.6.0",
        "@vonage/server-client": "^1.8.0",
        "@vonage/vetch": "^1.5.0",
        "lodash.omit": "^4.5.0"
      }
    },
    "node_modules/@vonage/verify2": {
      "version": "1.7.1",
      "resolved": "https://registry.npmjs.org/@vonage/verify2/-/verify2-1.7.1.tgz",
      "integrity": "sha512-p56TPS9yh+tvcW8NLLS4gO/4f6D7taqB5Lkmn8Dd9BNUY+tRLQ/jaJVDjeSmo+jjmM//XjETTFVExq/UDD3YjA==",
      "dependencies": {
        "@vonage/server-client": "^1.8.0"
      }
    },
    "node_modules/@vonage/vetch": {
      "version": "1.5.0",
      "resolved": "https://registry.npmjs.org/@vonage/vetch/-/vetch-1.5.0.tgz",
      "integrity": "sha512-Bw0o5mOJOpBbUYUmYBzDRzZad8yE+897v0GlZj9tQ+weAj7JppXJzw2D4bUiXN4fggnnEhTFzIQ3roi9a+IQ0A==",
      "dependencies": {
        "debug": "^4.3.4",
        "lodash.merge": "^4.6.2",
        "node-fetch": "^2.6"
      }
    },
    "node_modules/@vonage/voice": {
      "version": "1.8.0",
      "resolved": "https://registry.npmjs.org/@vonage/voice/-/voice-1.8.0.tgz",
      "integrity": "sha512-Ix1LALZrOpdXF5tHAuTeFNXxNKAGxiLa2MW82hUosttKr5sPGx/MuJGGavRqnp8mqgHE4XZbeZh6XjtD1njTsA==",
      "dependencies": {
        "@types/debug": "^4.1.8",
        "@vonage/auth": "^1.6.0",
        "@vonage/server-client": "^1.8.0",
        "@vonage/vetch": "^1.5.0",
        "debug": "^4.3.4",
        "ts-xor": "^1.1.0"
      }
    },
    "node_modules/buffer-equal-constant-time": {
      "version": "1.0.1",
      "resolved": "https://registry.npmjs.org/buffer-equal-constant-time/-/buffer-equal-constant-time-1.0.1.tgz",
      "integrity": "sha512-zRpUiDwd/xk6ADqPMATG8vc9VPrkck7T07OIx0gnjmJAnHnTVXNQG3vfvWNuiZIkwu9KrKdA1iJKfsfTVxE6NA=="
    },
    "node_modules/debug": {
      "version": "4.3.4",
      "resolved": "https://registry.npmjs.org/debug/-/debug-4.3.4.tgz",
      "integrity": "sha512-PRWFHuSU3eDtQJPvnNY7Jcket1j0t5OuOsFzPPzsekD52Zl8qUfFIPEiswXqIvHWGVHOgX+7G/vCNNhehwxfkQ==",
      "dependencies": {
        "ms": "2.1.2"
      },
      "engines": {
        "node": ">=6.0"
      },
      "peerDependenciesMeta": {
        "supports-color": {
          "optional": true
        }
      }
    },
    "node_modules/ecdsa-sig-formatter": {
      "version": "1.0.11",
      "resolved": "https://registry.npmjs.org/ecdsa-sig-formatter/-/ecdsa-sig-formatter-1.0.11.tgz",
      "integrity": "sha512-nagl3RYrbNv6kQkeJIpt6NJZy8twLB/2vtz6yN9Z4vRKHN4/QZJIEbqohALSgwKdnksuY3k5Addp5lg8sVoVcQ==",
      "dependencies": {
        "safe-buffer": "^5.0.1"
      }
    },
    "node_modules/jsonwebtoken": {
      "version": "9.0.1",
      "resolved": "https://registry.npmjs.org/jsonwebtoken/-/jsonwebtoken-9.0.1.tgz",
      "integrity": "sha512-K8wx7eJ5TPvEjuiVSkv167EVboBDv9PZdDoF7BgeQnBLVvZWW9clr2PsQHVJDTKaEIH5JBIwHujGcHp7GgI2eg==",
      "dependencies": {
        "jws": "^3.2.2",
        "lodash": "^4.17.21",
        "ms": "^2.1.1",
        "semver": "^7.3.8"
      },
      "engines": {
        "node": ">=12",
        "npm": ">=6"
      }
    },
    "node_modules/jwa": {
      "version": "1.4.1",
      "resolved": "https://registry.npmjs.org/jwa/-/jwa-1.4.1.tgz",
      "integrity": "sha512-qiLX/xhEEFKUAJ6FiBMbes3w9ATzyk5W7Hvzpa/SLYdxNtng+gcurvrI7TbACjIXlsJyr05/S1oUhZrc63evQA==",
      "dependencies": {
        "buffer-equal-constant-time": "1.0.1",
        "ecdsa-sig-formatter": "1.0.11",
        "safe-buffer": "^5.0.1"
      }
    },
    "node_modules/jws": {
      "version": "3.2.2",
      "resolved": "https://registry.npmjs.org/jws/-/jws-3.2.2.tgz",
      "integrity": "sha512-YHlZCB6lMTllWDtSPHz/ZXTsi8S00usEV6v1tjq8tOUZzw7DpSDWVXjXDre6ed1w/pd495ODpHZYSdkRTsa0HA==",
      "dependencies": {
        "jwa": "^1.4.1",
        "safe-buffer": "^5.0.1"
      }
    },
    "node_modules/lodash": {
      "version": "4.17.21",
      "resolved": "https://registry.npmjs.org/lodash/-/lodash-4.17.21.tgz",
      "integrity": "sha512-v2kDEe57lecTulaDIuNTPy3Ry4gLGJ6Z1O3vE1krgXZNrsQ+LFTGHVxVjcXPs17LhbZVGedAJv8XZ1tvj5FvSg=="
    },
    "node_modules/lodash.camelcase": {
      "version": "4.3.0",
      "resolved": "https://registry.npmjs.org/lodash.camelcase/-/lodash.camelcase-4.3.0.tgz",
      "integrity": "sha512-TwuEnCnxbc3rAvhf/LbG7tJUDzhqXyFnv3dtzLOPgCG/hODL7WFnsbwktkD7yUV0RrreP/l1PALq/YSg6VvjlA=="
    },
    "node_modules/lodash.isobject": {
      "version": "3.0.2",
      "resolved": "https://registry.npmjs.org/lodash.isobject/-/lodash.isobject-3.0.2.tgz",
      "integrity": "sha512-3/Qptq2vr7WeJbB4KHUSKlq8Pl7ASXi3UG6CMbBm8WRtXi8+GHm7mKaU3urfpSEzWe2wCIChs6/sdocUsTKJiA=="
    },
    "node_modules/lodash.kebabcase": {
      "version": "4.1.1",
      "resolved": "https://registry.npmjs.org/lodash.kebabcase/-/lodash.kebabcase-4.1.1.tgz",
      "integrity": "sha512-N8XRTIMMqqDgSy4VLKPnJ/+hpGZN+PHQiJnSenYqPaVV/NCqEogTnAdZLQiGKhxX+JCs8waWq2t1XHWKOmlY8g=="
    },
    "node_modules/lodash.merge": {
      "version": "4.6.2",
      "resolved": "https://registry.npmjs.org/lodash.merge/-/lodash.merge-4.6.2.tgz",
      "integrity": "sha512-0KpjqXRVvrYyCsX1swR/XTK0va6VQkQM6MNo7PqW77ByjAhoARA8EfrP1N4+KlKj8YS0ZUCtRT/YUuhyYDujIQ=="
    },
    "node_modules/lodash.omit": {
      "version": "4.5.0",
      "resolved": "https://registry.npmjs.org/lodash.omit/-/lodash.omit-4.5.0.tgz",
      "integrity": "sha512-XeqSp49hNGmlkj2EJlfrQFIzQ6lXdNro9sddtQzcJY8QaoC2GO0DT7xaIokHeyM+mIT0mPMlPvkYzg2xCuHdZg=="
    },
    "node_modules/lodash.partial": {
      "version": "4.2.1",
      "resolved": "https://registry.npmjs.org/lodash.partial/-/lodash.partial-4.2.1.tgz",
      "integrity": "sha512-qsiGr0kiA31O7chhmKSUiEGtxXnYtwmaJF00TPAUW79C5PCfaVeLTUN3sLT+rEPcqZooPtiFcGhnphQzFhkqmg=="
    },
    "node_modules/lodash.snakecase": {
      "version": "4.1.1",
      "resolved": "https://registry.npmjs.org/lodash.snakecase/-/lodash.snakecase-4.1.1.tgz",
      "integrity": "sha512-QZ1d4xoBHYUeuouhEq3lk3Uq7ldgyFXGBhg04+oRLnIz8o9T65Eh+8YdroUwn846zchkA9yDsDl5CVVaV2nqYw=="
    },
    "node_modules/lru-cache": {
      "version": "6.0.0",
      "resolved": "https://registry.npmjs.org/lru-cache/-/lru-cache-6.0.0.tgz",
      "integrity": "sha512-Jo6dJ04CmSjuznwJSS3pUeWmd/H0ffTlkXXgwZi+eq1UCmqQwCh+eLsYOYCwY991i2Fah4h1BEMCx4qThGbsiA==",
      "dependencies": {
        "yallist": "^4.0.0"
      },
      "engines": {
        "node": ">=10"
      }
    },
    "node_modules/ms": {
      "version": "2.1.2",
      "resolved": "https://registry.npmjs.org/ms/-/ms-2.1.2.tgz",
      "integrity": "sha512-sGkPx+VjMtmA6MX27oA4FBFELFCZZ4S4XqeGOXCv68tT+jb3vk/RyaKWP0PTKyWtmLSM0b+adUTEvbs1PEaH2w=="
    },
    "node_modules/node-fetch": {
      "version": "2.7.0",
      "resolved": "https://registry.npmjs.org/node-fetch/-/node-fetch-2.7.0.tgz",
      "integrity": "sha512-c4FRfUm/dbcWZ7U+1Wq0AwCyFL+3nt2bEw05wfxSz+DWpWsitgmSgYmy2dQdWyKC1694ELPqMs/YzUSNozLt8A==",
      "dependencies": {
        "whatwg-url": "^5.0.0"
      },
      "engines": {
        "node": "4.x || >=6.0.0"
      },
      "peerDependencies": {
        "encoding": "^0.1.0"
      },
      "peerDependenciesMeta": {
        "encoding": {
          "optional": true
        }
      }
    },
    "node_modules/safe-buffer": {
      "version": "5.2.1",
      "resolved": "https://registry.npmjs.org/safe-buffer/-/safe-buffer-5.2.1.tgz",
      "integrity": "sha512-rp3So07KcdmmKbGvgaNxQSJr7bGVSVk5S9Eq1F+ppbRo70+YeaDxkw5Dd8NPN+GD6bjnYm2VuPuCXmpuYvmCXQ==",
      "funding": [
        {
          "type": "github",
          "url": "https://github.com/sponsors/feross"
        },
        {
          "type": "patreon",
          "url": "https://www.patreon.com/feross"
        },
        {
          "type": "consulting",
          "url": "https://feross.org/support"
        }
      ]
    },
    "node_modules/semver": {
      "version": "7.5.4",
      "resolved": "https://registry.npmjs.org/semver/-/semver-7.5.4.tgz",
      "integrity": "sha512-1bCSESV6Pv+i21Hvpxp3Dx+pSD8lIPt8uVjRrxAUt/nbswYc+tK6Y2btiULjd4+fnq15PX+nqQDC7Oft7WkwcA==",
      "dependencies": {
        "lru-cache": "^6.0.0"
      },
      "bin": {
        "semver": "bin/semver.js"
      },
      "engines": {
        "node": ">=10"
      }
    },
    "node_modules/tr46": {
      "version": "0.0.3",
      "resolved": "https://registry.npmjs.org/tr46/-/tr46-0.0.3.tgz",
      "integrity": "sha512-N3WMsuqV66lT30CrXNbEjx4GEwlow3v6rr4mCcv6prnfwhS01rkgyFdjPNBYd9br7LpXV1+Emh01fHnq2Gdgrw=="
    },
    "node_modules/ts-xor": {
      "version": "1.1.0",
      "resolved": "https://registry.npmjs.org/ts-xor/-/ts-xor-1.1.0.tgz",
      "integrity": "sha512-9vtspo9gVrmJR0XQyuNySpr6DhZztCDWS8LT5CO4gSeifILDRi4e8QZ0ixnvCyob9hMYRaOeo+OyW3ovhngjuA=="
    },
    "node_modules/uuid": {
      "version": "9.0.0",
      "resolved": "https://registry.npmjs.org/uuid/-/uuid-9.0.0.tgz",
      "integrity": "sha512-MXcSTerfPa4uqyzStbRoTgt5XIe3x5+42+q1sDuy3R5MDk66URdLMOZe5aPX/SQd+kuYAh0FdP/pO28IkQyTeg==",
      "bin": {
        "uuid": "dist/bin/uuid"
      }
    },
    "node_modules/webidl-conversions": {
      "version": "3.0.1",
      "resolved": "https://registry.npmjs.org/webidl-conversions/-/webidl-conversions-3.0.1.tgz",
      "integrity": "sha512-2JAn3z8AR6rjK8Sm8orRC0h/bcl/DqL7tRPdGZ4I1CjdF+EaMLmYxBHyXuKL849eucPFhvBoxMsflfOb8kxaeQ=="
    },
    "node_modules/whatwg-url": {
      "version": "5.0.0",
      "resolved": "https://registry.npmjs.org/whatwg-url/-/whatwg-url-5.0.0.tgz",
      "integrity": "sha512-saE57nupxk6v3HY35+jzBwYa0rKSy0XR8JSxZPwgLr7ys0IBzhGviA1/TUGJLmSVqs8pb9AnvICXEuOHLprYTw==",
      "dependencies": {
        "tr46": "~0.0.3",
        "webidl-conversions": "^3.0.0"
      }
    },
    "node_modules/yallist": {
      "version": "4.0.0",
      "resolved": "https://registry.npmjs.org/yallist/-/yallist-4.0.0.tgz",
      "integrity": "sha512-3wdGidZyq5PB084XLES5TpOSRA3wjXAlIWMhum2kRcv/41Sn2emQ0dycQW4uZXLejwKvg6EsvbdlVL+FYEct7A=="
    }
  }
}
